// !$*UTF8*$!
{
	archiveVersion = 1;
	classes = {
	};
	objectVersion = 50;
	objects = {

/* Begin PBXBuildFile section */
		FAF11C04275ED79400106C6E /* AppDelegate.swift in Sources */ = {isa = PBXBuildFile; fileRef = FAF11C03275ED79400106C6E /* AppDelegate.swift */; };
		FAF11C06275ED79400106C6E /* SceneDelegate.swift in Sources */ = {isa = PBXBuildFile; fileRef = FAF11C05275ED79400106C6E /* SceneDelegate.swift */; };
		FAF11C08275ED79400106C6E /* ViewController.swift in Sources */ = {isa = PBXBuildFile; fileRef = FAF11C07275ED79400106C6E /* ViewController.swift */; };
		FAF11C0B275ED79400106C6E /* Main.storyboard in Resources */ = {isa = PBXBuildFile; fileRef = FAF11C09275ED79400106C6E /* Main.storyboard */; };
		FAF11C0D275ED79600106C6E /* Assets.xcassets in Resources */ = {isa = PBXBuildFile; fileRef = FAF11C0C275ED79600106C6E /* Assets.xcassets */; };
		FAF11C10275ED79600106C6E /* LaunchScreen.storyboard in Resources */ = {isa = PBXBuildFile; fileRef = FAF11C0E275ED79600106C6E /* LaunchScreen.storyboard */; };
		FAF11C1B275ED79600106C6E /* SpotifyCloneTests.swift in Sources */ = {isa = PBXBuildFile; fileRef = FAF11C1A275ED79600106C6E /* SpotifyCloneTests.swift */; };
		FAF11C26275ED79600106C6E /* SpotifyCloneUITests.swift in Sources */ = {isa = PBXBuildFile; fileRef = FAF11C25275ED79600106C6E /* SpotifyCloneUITests.swift */; };
/* End PBXBuildFile section */

/* Begin PBXContainerItemProxy section */
		FAF11C17275ED79600106C6E /* PBXContainerItemProxy */ = {
			isa = PBXContainerItemProxy;
			containerPortal = FAF11BF8275ED79400106C6E /* Project object */;
			proxyType = 1;
			remoteGlobalIDString = FAF11BFF275ED79400106C6E;
			remoteInfo = SpotifyClone;
		};
		FAF11C22275ED79600106C6E /* PBXContainerItemProxy */ = {
			isa = PBXContainerItemProxy;
			containerPortal = FAF11BF8275ED79400106C6E /* Project object */;
			proxyType = 1;
			remoteGlobalIDString = FAF11BFF275ED79400106C6E;
			remoteInfo = SpotifyClone;
		};
/* End PBXContainerItemProxy section */

/* Begin PBXFileReference section */
		FAF11C00275ED79400106C6E /* SpotifyClone.app */ = {isa = PBXFileReference; explicitFileType = wrapper.application; includeInIndex = 0; path = SpotifyClone.app; sourceTree = BUILT_PRODUCTS_DIR; };
		FAF11C03275ED79400106C6E /* AppDelegate.swift */ = {isa = PBXFileReference; lastKnownFileType = sourcecode.swift; path = AppDelegate.swift; sourceTree = "<group>"; };
		FAF11C05275ED79400106C6E /* SceneDelegate.swift */ = {isa = PBXFileReference; lastKnownFileType = sourcecode.swift; path = SceneDelegate.swift; sourceTree = "<group>"; };
		FAF11C07275ED79400106C6E /* ViewController.swift */ = {isa = PBXFileReference; lastKnownFileType = sourcecode.swift; path = ViewController.swift; sourceTree = "<group>"; };
		FAF11C0A275ED79400106C6E /* Base */ = {isa = PBXFileReference; lastKnownFileType = file.storyboard; name = Base; path = Base.lproj/Main.storyboard; sourceTree = "<group>"; };
		FAF11C0C275ED79600106C6E /* Assets.xcassets */ = {isa = PBXFileReference; lastKnownFileType = folder.assetcatalog; path = Assets.xcassets; sourceTree = "<group>"; };
		FAF11C0F275ED79600106C6E /* Base */ = {isa = PBXFileReference; lastKnownFileType = file.storyboard; name = Base; path = Base.lproj/LaunchScreen.storyboard; sourceTree = "<group>"; };
		FAF11C11275ED79600106C6E /* Info.plist */ = {isa = PBXFileReference; lastKnownFileType = text.plist.xml; path = Info.plist; sourceTree = "<group>"; };
		FAF11C16275ED79600106C6E /* SpotifyCloneTests.xctest */ = {isa = PBXFileReference; explicitFileType = wrapper.cfbundle; includeInIndex = 0; path = SpotifyCloneTests.xctest; sourceTree = BUILT_PRODUCTS_DIR; };
		FAF11C1A275ED79600106C6E /* SpotifyCloneTests.swift */ = {isa = PBXFileReference; lastKnownFileType = sourcecode.swift; path = SpotifyCloneTests.swift; sourceTree = "<group>"; };
		FAF11C1C275ED79600106C6E /* Info.plist */ = {isa = PBXFileReference; lastKnownFileType = text.plist.xml; path = Info.plist; sourceTree = "<group>"; };
		FAF11C21275ED79600106C6E /* SpotifyCloneUITests.xctest */ = {isa = PBXFileReference; explicitFileType = wrapper.cfbundle; includeInIndex = 0; path = SpotifyCloneUITests.xctest; sourceTree = BUILT_PRODUCTS_DIR; };
		FAF11C25275ED79600106C6E /* SpotifyCloneUITests.swift */ = {isa = PBXFileReference; lastKnownFileType = sourcecode.swift; path = SpotifyCloneUITests.swift; sourceTree = "<group>"; };
		FAF11C27275ED79600106C6E /* Info.plist */ = {isa = PBXFileReference; lastKnownFileType = text.plist.xml; path = Info.plist; sourceTree = "<group>"; };
/* End PBXFileReference section */

/* Begin PBXFrameworksBuildPhase section */
		FAF11BFD275ED79400106C6E /* Frameworks */ = {
			isa = PBXFrameworksBuildPhase;
			buildActionMask = 2147483647;
			files = (
			);
			runOnlyForDeploymentPostprocessing = 0;
		};
		FAF11C13275ED79600106C6E /* Frameworks */ = {
			isa = PBXFrameworksBuildPhase;
			buildActionMask = 2147483647;
			files = (
			);
			runOnlyForDeploymentPostprocessing = 0;
		};
		FAF11C1E275ED79600106C6E /* Frameworks */ = {
			isa = PBXFrameworksBuildPhase;
			buildActionMask = 2147483647;
			files = (
			);
			runOnlyForDeploymentPostprocessing = 0;
		};
/* End PBXFrameworksBuildPhase section */

/* Begin PBXGroup section */
		FAF11BF7275ED79400106C6E = {
			isa = PBXGroup;
			children = (
				FAF11C02275ED79400106C6E /* SpotifyClone */,
				FAF11C19275ED79600106C6E /* SpotifyCloneTests */,
				FAF11C24275ED79600106C6E /* SpotifyCloneUITests */,
				FAF11C01275ED79400106C6E /* Products */,
			);
			sourceTree = "<group>";
		};
		FAF11C01275ED79400106C6E /* Products */ = {
			isa = PBXGroup;
			children = (
				FAF11C00275ED79400106C6E /* SpotifyClone.app */,
				FAF11C16275ED79600106C6E /* SpotifyCloneTests.xctest */,
				FAF11C21275ED79600106C6E /* SpotifyCloneUITests.xctest */,
			);
			name = Products;
			sourceTree = "<group>";
		};
		FAF11C02275ED79400106C6E /* SpotifyClone */ = {
			isa = PBXGroup;
			children = (
				FAF11C03275ED79400106C6E /* AppDelegate.swift */,
				FAF11C05275ED79400106C6E /* SceneDelegate.swift */,
				FAF11C07275ED79400106C6E /* ViewController.swift */,
				FAF11C09275ED79400106C6E /* Main.storyboard */,
				FAF11C0C275ED79600106C6E /* Assets.xcassets */,
				FAF11C0E275ED79600106C6E /* LaunchScreen.storyboard */,
				FAF11C11275ED79600106C6E /* Info.plist */,
			);
			path = SpotifyClone;
			sourceTree = "<group>";
		};
		FAF11C19275ED79600106C6E /* SpotifyCloneTests */ = {
			isa = PBXGroup;
			children = (
				FAF11C1A275ED79600106C6E /* SpotifyCloneTests.swift */,
				FAF11C1C275ED79600106C6E /* Info.plist */,
			);
			path = SpotifyCloneTests;
			sourceTree = "<group>";
		};
		FAF11C24275ED79600106C6E /* SpotifyCloneUITests */ = {
			isa = PBXGroup;
			children = (
				FAF11C25275ED79600106C6E /* SpotifyCloneUITests.swift */,
				FAF11C27275ED79600106C6E /* Info.plist */,
			);
			path = SpotifyCloneUITests;
			sourceTree = "<group>";
		};
/* End PBXGroup section */

/* Begin PBXNativeTarget section */
		FAF11BFF275ED79400106C6E /* SpotifyClone */ = {
			isa = PBXNativeTarget;
			buildConfigurationList = FAF11C2A275ED79600106C6E /* Build configuration list for PBXNativeTarget "SpotifyClone" */;
			buildPhases = (
				FAF11BFC275ED79400106C6E /* Sources */,
				FAF11BFD275ED79400106C6E /* Frameworks */,
				FAF11BFE275ED79400106C6E /* Resources */,
			);
			buildRules = (
			);
			dependencies = (
			);
			name = SpotifyClone;
			productName = SpotifyClone;
			productReference = FAF11C00275ED79400106C6E /* SpotifyClone.app */;
			productType = "com.apple.product-type.application";
		};
		FAF11C15275ED79600106C6E /* SpotifyCloneTests */ = {
			isa = PBXNativeTarget;
			buildConfigurationList = FAF11C2D275ED79600106C6E /* Build configuration list for PBXNativeTarget "SpotifyCloneTests" */;
			buildPhases = (
				FAF11C12275ED79600106C6E /* Sources */,
				FAF11C13275ED79600106C6E /* Frameworks */,
				FAF11C14275ED79600106C6E /* Resources */,
			);
			buildRules = (
			);
			dependencies = (
				FAF11C18275ED79600106C6E /* PBXTargetDependency */,
			);
			name = SpotifyCloneTests;
			productName = SpotifyCloneTests;
			productReference = FAF11C16275ED79600106C6E /* SpotifyCloneTests.xctest */;
			productType = "com.apple.product-type.bundle.unit-test";
		};
		FAF11C20275ED79600106C6E /* SpotifyCloneUITests */ = {
			isa = PBXNativeTarget;
			buildConfigurationList = FAF11C30275ED79600106C6E /* Build configuration list for PBXNativeTarget "SpotifyCloneUITests" */;
			buildPhases = (
				FAF11C1D275ED79600106C6E /* Sources */,
				FAF11C1E275ED79600106C6E /* Frameworks */,
				FAF11C1F275ED79600106C6E /* Resources */,
			);
			buildRules = (
			);
			dependencies = (
				FAF11C23275ED79600106C6E /* PBXTargetDependency */,
			);
			name = SpotifyCloneUITests;
			productName = SpotifyCloneUITests;
			productReference = FAF11C21275ED79600106C6E /* SpotifyCloneUITests.xctest */;
			productType = "com.apple.product-type.bundle.ui-testing";
		};
/* End PBXNativeTarget section */

/* Begin PBXProject section */
		FAF11BF8275ED79400106C6E /* Project object */ = {
			isa = PBXProject;
			attributes = {
				LastSwiftUpdateCheck = 1250;
				LastUpgradeCheck = 1250;
				TargetAttributes = {
					FAF11BFF275ED79400106C6E = {
						CreatedOnToolsVersion = 12.5.1;
					};
					FAF11C15275ED79600106C6E = {
						CreatedOnToolsVersion = 12.5.1;
						TestTargetID = FAF11BFF275ED79400106C6E;
					};
					FAF11C20275ED79600106C6E = {
						CreatedOnToolsVersion = 12.5.1;
						TestTargetID = FAF11BFF275ED79400106C6E;
					};
				};
			};
			buildConfigurationList = FAF11BFB275ED79400106C6E /* Build configuration list for PBXProject "SpotifyClone" */;
			compatibilityVersion = "Xcode 9.3";
			developmentRegion = en;
			hasScannedForEncodings = 0;
			knownRegions = (
				en,
				Base,
			);
			mainGroup = FAF11BF7275ED79400106C6E;
			productRefGroup = FAF11C01275ED79400106C6E /* Products */;
			projectDirPath = "";
			projectRoot = "";
			targets = (
				FAF11BFF275ED79400106C6E /* SpotifyClone */,
				FAF11C15275ED79600106C6E /* SpotifyCloneTests */,
				FAF11C20275ED79600106C6E /* SpotifyCloneUITests */,
			);
		};
/* End PBXProject section */

/* Begin PBXResourcesBuildPhase section */
		FAF11BFE275ED79400106C6E /* Resources */ = {
			isa = PBXResourcesBuildPhase;
			buildActionMask = 2147483647;
			files = (
				FAF11C10275ED79600106C6E /* LaunchScreen.storyboard in Resources */,
				FAF11C0D275ED79600106C6E /* Assets.xcassets in Resources */,
				FAF11C0B275ED79400106C6E /* Main.storyboard in Resources */,
			);
			runOnlyForDeploymentPostprocessing = 0;
		};
		FAF11C14275ED79600106C6E /* Resources */ = {
			isa = PBXResourcesBuildPhase;
			buildActionMask = 2147483647;
			files = (
			);
			runOnlyForDeploymentPostprocessing = 0;
		};
		FAF11C1F275ED79600106C6E /* Resources */ = {
			isa = PBXResourcesBuildPhase;
			buildActionMask = 2147483647;
			files = (
			);
			runOnlyForDeploymentPostprocessing = 0;
		};
/* End PBXResourcesBuildPhase section */

/* Begin PBXSourcesBuildPhase section */
		FAF11BFC275ED79400106C6E /* Sources */ = {
			isa = PBXSourcesBuildPhase;
			buildActionMask = 2147483647;
			files = (
				FAF11C08275ED79400106C6E /* ViewController.swift in Sources */,
				FAF11C04275ED79400106C6E /* AppDelegate.swift in Sources */,
				FAF11C06275ED79400106C6E /* SceneDelegate.swift in Sources */,
			);
			runOnlyForDeploymentPostprocessing = 0;
		};
		FAF11C12275ED79600106C6E /* Sources */ = {
			isa = PBXSourcesBuildPhase;
			buildActionMask = 2147483647;
			files = (
				FAF11C1B275ED79600106C6E /* SpotifyCloneTests.swift in Sources */,
			);
			runOnlyForDeploymentPostprocessing = 0;
		};
		FAF11C1D275ED79600106C6E /* Sources */ = {
			isa = PBXSourcesBuildPhase;
			buildActionMask = 2147483647;
			files = (
				FAF11C26275ED79600106C6E /* SpotifyCloneUITests.swift in Sources */,
			);
			runOnlyForDeploymentPostprocessing = 0;
		};
/* End PBXSourcesBuildPhase section */

/* Begin PBXTargetDependency section */
		FAF11C18275ED79600106C6E /* PBXTargetDependency */ = {
			isa = PBXTargetDependency;
			target = FAF11BFF275ED79400106C6E /* SpotifyClone */;
			targetProxy = FAF11C17275ED79600106C6E /* PBXContainerItemProxy */;
		};
		FAF11C23275ED79600106C6E /* PBXTargetDependency */ = {
			isa = PBXTargetDependency;
			target = FAF11BFF275ED79400106C6E /* SpotifyClone */;
			targetProxy = FAF11C22275ED79600106C6E /* PBXContainerItemProxy */;
		};
/* End PBXTargetDependency section */

/* Begin PBXVariantGroup section */
		FAF11C09275ED79400106C6E /* Main.storyboard */ = {
			isa = PBXVariantGroup;
			children = (
				FAF11C0A275ED79400106C6E /* Base */,
			);
			name = Main.storyboard;
			sourceTree = "<group>";
		};
		FAF11C0E275ED79600106C6E /* LaunchScreen.storyboard */ = {
			isa = PBXVariantGroup;
			children = (
				FAF11C0F275ED79600106C6E /* Base */,
			);
			name = LaunchScreen.storyboard;
			sourceTree = "<group>";
		};
/* End PBXVariantGroup section */

/* Begin XCBuildConfiguration section */
		FAF11C28275ED79600106C6E /* Debug */ = {
			isa = XCBuildConfiguration;
			buildSettings = {
				ALWAYS_SEARCH_USER_PATHS = NO;
				CLANG_ANALYZER_NONNULL = YES;
				CLANG_ANALYZER_NUMBER_OBJECT_CONVERSION = YES_AGGRESSIVE;
				CLANG_CXX_LANGUAGE_STANDARD = "gnu++14";
				CLANG_CXX_LIBRARY = "libc++";
				CLANG_ENABLE_MODULES = YES;
				CLANG_ENABLE_OBJC_ARC = YES;
				CLANG_ENABLE_OBJC_WEAK = YES;
				CLANG_WARN_BLOCK_CAPTURE_AUTORELEASING = YES;
				CLANG_WARN_BOOL_CONVERSION = YES;
				CLANG_WARN_COMMA = YES;
				CLANG_WARN_CONSTANT_CONVERSION = YES;
				CLANG_WARN_DEPRECATED_OBJC_IMPLEMENTATIONS = YES;
				CLANG_WARN_DIRECT_OBJC_ISA_USAGE = YES_ERROR;
				CLANG_WARN_DOCUMENTATION_COMMENTS = YES;
				CLANG_WARN_EMPTY_BODY = YES;
				CLANG_WARN_ENUM_CONVERSION = YES;
				CLANG_WARN_INFINITE_RECURSION = YES;
				CLANG_WARN_INT_CONVERSION = YES;
				CLANG_WARN_NON_LITERAL_NULL_CONVERSION = YES;
				CLANG_WARN_OBJC_IMPLICIT_RETAIN_SELF = YES;
				CLANG_WARN_OBJC_LITERAL_CONVERSION = YES;
				CLANG_WARN_OBJC_ROOT_CLASS = YES_ERROR;
				CLANG_WARN_QUOTED_INCLUDE_IN_FRAMEWORK_HEADER = YES;
				CLANG_WARN_RANGE_LOOP_ANALYSIS = YES;
				CLANG_WARN_STRICT_PROTOTYPES = YES;
				CLANG_WARN_SUSPICIOUS_MOVE = YES;
				CLANG_WARN_UNGUARDED_AVAILABILITY = YES_AGGRESSIVE;
				CLANG_WARN_UNREACHABLE_CODE = YES;
				CLANG_WARN__DUPLICATE_METHOD_MATCH = YES;
				COPY_PHASE_STRIP = NO;
				DEBUG_INFORMATION_FORMAT = dwarf;
				ENABLE_STRICT_OBJC_MSGSEND = YES;
				ENABLE_TESTABILITY = YES;
				GCC_C_LANGUAGE_STANDARD = gnu11;
				GCC_DYNAMIC_NO_PIC = NO;
				GCC_NO_COMMON_BLOCKS = YES;
				GCC_OPTIMIZATION_LEVEL = 0;
				GCC_PREPROCESSOR_DEFINITIONS = (
					"DEBUG=1",
					"$(inherited)",
				);
				GCC_WARN_64_TO_32_BIT_CONVERSION = YES;
				GCC_WARN_ABOUT_RETURN_TYPE = YES_ERROR;
				GCC_WARN_UNDECLARED_SELECTOR = YES;
				GCC_WARN_UNINITIALIZED_AUTOS = YES_AGGRESSIVE;
				GCC_WARN_UNUSED_FUNCTION = YES;
				GCC_WARN_UNUSED_VARIABLE = YES;
				IPHONEOS_DEPLOYMENT_TARGET = 14.5;
				MTL_ENABLE_DEBUG_INFO = INCLUDE_SOURCE;
				MTL_FAST_MATH = YES;
				ONLY_ACTIVE_ARCH = YES;
				SDKROOT = iphoneos;
				SWIFT_ACTIVE_COMPILATION_CONDITIONS = DEBUG;
				SWIFT_OPTIMIZATION_LEVEL = "-Onone";
			};
			name = Debug;
		};
		FAF11C29275ED79600106C6E /* Release */ = {
			isa = XCBuildConfiguration;
			buildSettings = {
				ALWAYS_SEARCH_USER_PATHS = NO;
				CLANG_ANALYZER_NONNULL = YES;
				CLANG_ANALYZER_NUMBER_OBJECT_CONVERSION = YES_AGGRESSIVE;
				CLANG_CXX_LANGUAGE_STANDARD = "gnu++14";
				CLANG_CXX_LIBRARY = "libc++";
				CLANG_ENABLE_MODULES = YES;
				CLANG_ENABLE_OBJC_ARC = YES;
				CLANG_ENABLE_OBJC_WEAK = YES;
				CLANG_WARN_BLOCK_CAPTURE_AUTORELEASING = YES;
				CLANG_WARN_BOOL_CONVERSION = YES;
				CLANG_WARN_COMMA = YES;
				CLANG_WARN_CONSTANT_CONVERSION = YES;
				CLANG_WARN_DEPRECATED_OBJC_IMPLEMENTATIONS = YES;
				CLANG_WARN_DIRECT_OBJC_ISA_USAGE = YES_ERROR;
				CLANG_WARN_DOCUMENTATION_COMMENTS = YES;
				CLANG_WARN_EMPTY_BODY = YES;
				CLANG_WARN_ENUM_CONVERSION = YES;
				CLANG_WARN_INFINITE_RECURSION = YES;
				CLANG_WARN_INT_CONVERSION = YES;
				CLANG_WARN_NON_LITERAL_NULL_CONVERSION = YES;
				CLANG_WARN_OBJC_IMPLICIT_RETAIN_SELF = YES;
				CLANG_WARN_OBJC_LITERAL_CONVERSION = YES;
				CLANG_WARN_OBJC_ROOT_CLASS = YES_ERROR;
				CLANG_WARN_QUOTED_INCLUDE_IN_FRAMEWORK_HEADER = YES;
				CLANG_WARN_RANGE_LOOP_ANALYSIS = YES;
				CLANG_WARN_STRICT_PROTOTYPES = YES;
				CLANG_WARN_SUSPICIOUS_MOVE = YES;
				CLANG_WARN_UNGUARDED_AVAILABILITY = YES_AGGRESSIVE;
				CLANG_WARN_UNREACHABLE_CODE = YES;
				CLANG_WARN__DUPLICATE_METHOD_MATCH = YES;
				COPY_PHASE_STRIP = NO;
				DEBUG_INFORMATION_FORMAT = "dwarf-with-dsym";
				ENABLE_NS_ASSERTIONS = NO;
				ENABLE_STRICT_OBJC_MSGSEND = YES;
				GCC_C_LANGUAGE_STANDARD = gnu11;
				GCC_NO_COMMON_BLOCKS = YES;
				GCC_WARN_64_TO_32_BIT_CONVERSION = YES;
				GCC_WARN_ABOUT_RETURN_TYPE = YES_ERROR;
				GCC_WARN_UNDECLARED_SELECTOR = YES;
				GCC_WARN_UNINITIALIZED_AUTOS = YES_AGGRESSIVE;
				GCC_WARN_UNUSED_FUNCTION = YES;
				GCC_WARN_UNUSED_VARIABLE = YES;
				IPHONEOS_DEPLOYMENT_TARGET = 14.5;
				MTL_ENABLE_DEBUG_INFO = NO;
				MTL_FAST_MATH = YES;
				SDKROOT = iphoneos;
				SWIFT_COMPILATION_MODE = wholemodule;
				SWIFT_OPTIMIZATION_LEVEL = "-O";
				VALIDATE_PRODUCT = YES;
			};
			name = Release;
		};
		FAF11C2B275ED79600106C6E /* Debug */ = {
			isa = XCBuildConfiguration;
			buildSettings = {
				ASSETCATALOG_COMPILER_APPICON_NAME = AppIcon;
				ASSETCATALOG_COMPILER_GLOBAL_ACCENT_COLOR_NAME = AccentColor;
				CODE_SIGN_STYLE = Automatic;
				DEVELOPMENT_TEAM = A7DPQZ8553;
				INFOPLIST_FILE = SpotifyClone/Info.plist;
				LD_RUNPATH_SEARCH_PATHS = (
					"$(inherited)",
					"@executable_path/Frameworks",
				);
				PRODUCT_BUNDLE_IDENTIFIER = com.kanoamatton.SpotifyClone;
				PRODUCT_NAME = "$(TARGET_NAME)";
				SWIFT_VERSION = 5.0;
				TARGETED_DEVICE_FAMILY = "1,2";
			};
			name = Debug;
		};
		FAF11C2C275ED79600106C6E /* Release */ = {
			isa = XCBuildConfiguration;
			buildSettings = {
				ASSETCATALOG_COMPILER_APPICON_NAME = AppIcon;
				ASSETCATALOG_COMPILER_GLOBAL_ACCENT_COLOR_NAME = AccentColor;
				CODE_SIGN_STYLE = Automatic;
				DEVELOPMENT_TEAM = A7DPQZ8553;
				INFOPLIST_FILE = SpotifyClone/Info.plist;
				LD_RUNPATH_SEARCH_PATHS = (
					"$(inherited)",
					"@executable_path/Frameworks",
				);
				PRODUCT_BUNDLE_IDENTIFIER = com.kanoamatton.SpotifyClone;
				PRODUCT_NAME = "$(TARGET_NAME)";
				SWIFT_VERSION = 5.0;
				TARGETED_DEVICE_FAMILY = "1,2";
			};
			name = Release;
		};
		FAF11C2E275ED79600106C6E /* Debug */ = {
			isa = XCBuildConfiguration;
			buildSettings = {
				ALWAYS_EMBED_SWIFT_STANDARD_LIBRARIES = YES;
				BUNDLE_LOADER = "$(TEST_HOST)";
				CODE_SIGN_STYLE = Automatic;
				DEVELOPMENT_TEAM = A7DPQZ8553;
				INFOPLIST_FILE = SpotifyCloneTests/Info.plist;
				IPHONEOS_DEPLOYMENT_TARGET = 14.5;
				LD_RUNPATH_SEARCH_PATHS = (
					"$(inherited)",
					"@executable_path/Frameworks",
					"@loader_path/Frameworks",
				);
				PRODUCT_BUNDLE_IDENTIFIER = com.kanoamatton.SpotifyCloneTests;
				PRODUCT_NAME = "$(TARGET_NAME)";
				SWIFT_VERSION = 5.0;
				TARGETED_DEVICE_FAMILY = "1,2";
				TEST_HOST = "$(BUILT_PRODUCTS_DIR)/SpotifyClone.app/SpotifyClone";
			};
			name = Debug;
		};
		FAF11C2F275ED79600106C6E /* Release */ = {
			isa = XCBuildConfiguration;
			buildSettings = {
				ALWAYS_EMBED_SWIFT_STANDARD_LIBRARIES = YES;
				BUNDLE_LOADER = "$(TEST_HOST)";
				CODE_SIGN_STYLE = Automatic;
				DEVELOPMENT_TEAM = A7DPQZ8553;
				INFOPLIST_FILE = SpotifyCloneTests/Info.plist;
				IPHONEOS_DEPLOYMENT_TARGET = 14.5;
				LD_RUNPATH_SEARCH_PATHS = (
					"$(inherited)",
					"@executable_path/Frameworks",
					"@loader_path/Frameworks",
				);
				PRODUCT_BUNDLE_IDENTIFIER = com.kanoamatton.SpotifyCloneTests;
				PRODUCT_NAME = "$(TARGET_NAME)";
				SWIFT_VERSION = 5.0;
				TARGETED_DEVICE_FAMILY = "1,2";
				TEST_HOST = "$(BUILT_PRODUCTS_DIR)/SpotifyClone.app/SpotifyClone";
			};
			name = Release;
		};
		FAF11C31275ED79600106C6E /* Debug */ = {
			isa = XCBuildConfiguration;
			buildSettings = {
				ALWAYS_EMBED_SWIFT_STANDARD_LIBRARIES = YES;
				CODE_SIGN_STYLE = Automatic;
				DEVELOPMENT_TEAM = A7DPQZ8553;
				INFOPLIST_FILE = SpotifyCloneUITests/Info.plist;
				LD_RUNPATH_SEARCH_PATHS = (
					"$(inherited)",
					"@executable_path/Frameworks",
					"@loader_path/Frameworks",
				);
				PRODUCT_BUNDLE_IDENTIFIER = com.kanoamatton.SpotifyCloneUITests;
				PRODUCT_NAME = "$(TARGET_NAME)";
				SWIFT_VERSION = 5.0;
				TARGETED_DEVICE_FAMILY = "1,2";
				TEST_TARGET_NAME = SpotifyClone;
			};
			name = Debug;
		};
		FAF11C32275ED79600106C6E /* Release */ = {
			isa = XCBuildConfiguration;
			buildSettings = {
				ALWAYS_EMBED_SWIFT_STANDARD_LIBRARIES = YES;
				CODE_SIGN_STYLE = Automatic;
				DEVELOPMENT_TEAM = A7DPQZ8553;
				INFOPLIST_FILE = SpotifyCloneUITests/Info.plist;
				LD_RUNPATH_SEARCH_PATHS = (
					"$(inherited)",
					"@executable_path/Frameworks",
					"@loader_path/Frameworks",
				);
				PRODUCT_BUNDLE_IDENTIFIER = com.kanoamatton.SpotifyCloneUITests;
				PRODUCT_NAME = "$(TARGET_NAME)";
				SWIFT_VERSION = 5.0;
				TARGETED_DEVICE_FAMILY = "1,2";
				TEST_TARGET_NAME = SpotifyClone;
			};
			name = Release;
		};
/* End XCBuildConfiguration section */

/* Begin XCConfigurationList section */
		FAF11BFB275ED79400106C6E /* Build configuration list for PBXProject "SpotifyClone" */ = {
			isa = XCConfigurationList;
			buildConfigurations = (
				FAF11C28275ED79600106C6E /* Debug */,
				FAF11C29275ED79600106C6E /* Release */,
			);
			defaultConfigurationIsVisible = 0;
			defaultConfigurationName = Release;
		};
		FAF11C2A275ED79600106C6E /* Build configuration list for PBXNativeTarget "SpotifyClone" */ = {
			isa = XCConfigurationList;
			buildConfigurations = (
				FAF11C2B275ED79600106C6E /* Debug */,
				FAF11C2C275ED79600106C6E /* Release */,
			);
			defaultConfigurationIsVisible = 0;
			defaultConfigurationName = Release;
		};
		FAF11C2D275ED79600106C6E /* Build configuration list for PBXNativeTarget "SpotifyCloneTests" */ = {
			isa = XCConfigurationList;
			buildConfigurations = (
				FAF11C2E275ED79600106C6E /* Debug */,
				FAF11C2F275ED79600106C6E /* Release */,
			);
			defaultConfigurationIsVisible = 0;
			defaultConfigurationName = Release;
		};
		FAF11C30275ED79600106C6E /* Build configuration list for PBXNativeTarget "SpotifyCloneUITests" */ = {
			isa = XCConfigurationList;
			buildConfigurations = (
				FAF11C31275ED79600106C6E /* Debug */,
				FAF11C32275ED79600106C6E /* Release */,
			);
			defaultConfigurationIsVisible = 0;
			defaultConfigurationName = Release;
		};
/* End XCConfigurationList section */
	};
	rootObject = FAF11BF8275ED79400106C6E /* Project object */;
}
